
Microsoft Visual Studio Solution File, Format Version 12.00
# Visual Studio Version 17
VisualStudioVersion = 17.10.34928.147
MinimumVisualStudioVersion = 10.0.40219.1
Project("{FAE04EC0-301F-11D3-BF4B-00C04F79EFBC}") = "WpfApp1", "WpfApp1\WpfApp1.csproj", "{7BCD1ABD-A518-457F-B0B9-D0D4169C961E}"
EndProject
Project("{FAE04EC0-301F-11D3-BF4B-00C04F79EFBC}") = "ClassLibrary1", "ClassLibrary1\ClassLibrary1.csproj", "{A6EEE11B-7CC3-48B3-A11F-44CEAE3EEF19}"
EndProject
Global
	GlobalSection(SolutionConfigurationPlatforms) = preSolution
		Debug|Any CPU = Debug|Any CPU
		Release|Any CPU = Release|Any CPU
	EndGlobalSection
	GlobalSection(ProjectConfigurationPlatforms) = postSolution
		{7BCD1ABD-A518-457F-B0B9-D0D4169C961E}.Debug|Any CPU.ActiveCfg = Debug|Any CPU
		{7BCD1ABD-A518-457F-B0B9-D0D4169C961E}.Debug|Any CPU.Build.0 = Debug|Any CPU
		{7BCD1ABD-A518-457F-B0B9-D0D4169C961E}.Release|Any CPU.ActiveCfg = Release|Any CPU
		{7BCD1ABD-A518-457F-B0B9-D0D4169C961E}.Release|Any CPU.Build.0 = Release|Any CPU
		{A6EEE11B-7CC3-48B3-A11F-44CEAE3EEF19}.Debug|Any CPU.ActiveCfg = Debug|Any CPU
		{A6EEE11B-7CC3-48B3-A11F-44CEAE3EEF19}.Debug|Any CPU.Build.0 = Debug|Any CPU
		{A6EEE11B-7CC3-48B3-A11F-44CEAE3EEF19}.Release|Any CPU.ActiveCfg = Release|Any CPU
		{A6EEE11B-7CC3-48B3-A11F-44CEAE3EEF19}.Release|Any CPU.Build.0 = Release|Any CPU
	EndGlobalSection
	GlobalSection(SolutionProperties) = preSolution
		HideSolutionNode = FALSE
	EndGlobalSection
	GlobalSection(ExtensibilityGlobals) = postSolution
		SolutionGuid = {AACAE063-6E5B-42F3-A1A4-1CA00C06AF38}
	EndGlobalSection
EndGlobal
